
Microsoft Visual Studio Solution File, Format Version 12.00
# Visual Studio Version 16
VisualStudioVersion = 16.0.30523.141
MinimumVisualStudioVersion = 10.0.40219.1
Project("{9A19103F-16F7-4668-BE54-9A1E7A4F7556}") = "KimMinAPI", "KimMinAPI.csproj", "{11E52420-9FE6-4718-9018-103F13B0F394}"
EndProject
Project("{FAE04EC0-301F-11D3-BF4B-00C04F79EFBC}") = "ExpenseLibrary", "..\ExpenseLibrary\ExpenseLibrary.csproj", "{F97859D4-851E-42BA-8755-F8E5B76E8925}"
EndProject
Global
	GlobalSection(SolutionConfigurationPlatforms) = preSolution
		Debug|Any CPU = Debug|Any CPU
		Release|Any CPU = Release|Any CPU
	EndGlobalSection
	GlobalSection(ProjectConfigurationPlatforms) = postSolution
		{11E52420-9FE6-4718-9018-103F13B0F394}.Debug|Any CPU.ActiveCfg = Debug|Any CPU
		{11E52420-9FE6-4718-9018-103F13B0F394}.Debug|Any CPU.Build.0 = Debug|Any CPU
		{11E52420-9FE6-4718-9018-103F13B0F394}.Release|Any CPU.ActiveCfg = Release|Any CPU
		{11E52420-9FE6-4718-9018-103F13B0F394}.Release|Any CPU.Build.0 = Release|Any CPU
		{F97859D4-851E-42BA-8755-F8E5B76E8925}.Debug|Any CPU.ActiveCfg = Debug|Any CPU
		{F97859D4-851E-42BA-8755-F8E5B76E8925}.Debug|Any CPU.Build.0 = Debug|Any CPU
		{F97859D4-851E-42BA-8755-F8E5B76E8925}.Release|Any CPU.ActiveCfg = Release|Any CPU
		{F97859D4-851E-42BA-8755-F8E5B76E8925}.Release|Any CPU.Build.0 = Release|Any CPU
	EndGlobalSection
	GlobalSection(SolutionProperties) = preSolution
		HideSolutionNode = FALSE
	EndGlobalSection
	GlobalSection(ExtensibilityGlobals) = postSolution
		SolutionGuid = {2D42A9FF-25AC-4717-A6AD-9452C0FF965D}
	EndGlobalSection
EndGlobal
